
Microsoft Visual Studio Solution File, Format Version 12.00
# Visual Studio Version 16
VisualStudioVersion = 16.0.29609.76
MinimumVisualStudioVersion = 10.0.40219.1
Project("{8BC9CEB8-8B4A-11D0-8D11-00A0C91BC942}") = "Lesson 71 (random)", "Lesson 71 (random)\Lesson 71 (random).vcxproj", "{8B1F54DC-B48A-4939-BB2D-ACB6AD10A6AD}"
EndProject
Global
	GlobalSection(SolutionConfigurationPlatforms) = preSolution
		Debug|x64 = Debug|x64
		Debug|x86 = Debug|x86
		Release|x64 = Release|x64
		Release|x86 = Release|x86
	EndGlobalSection
	GlobalSection(ProjectConfigurationPlatforms) = postSolution
		{8B1F54DC-B48A-4939-BB2D-ACB6AD10A6AD}.Debug|x64.ActiveCfg = Debug|x64
		{8B1F54DC-B48A-4939-BB2D-ACB6AD10A6AD}.Debug|x64.Build.0 = Debug|x64
		{8B1F54DC-B48A-4939-BB2D-ACB6AD10A6AD}.Debug|x86.ActiveCfg = Debug|Win32
		{8B1F54DC-B48A-4939-BB2D-ACB6AD10A6AD}.Debug|x86.Build.0 = Debug|Win32
		{8B1F54DC-B48A-4939-BB2D-ACB6AD10A6AD}.Release|x64.ActiveCfg = Release|x64
		{8B1F54DC-B48A-4939-BB2D-ACB6AD10A6AD}.Release|x64.Build.0 = Release|x64
		{8B1F54DC-B48A-4939-BB2D-ACB6AD10A6AD}.Release|x86.ActiveCfg = Release|Win32
		{8B1F54DC-B48A-4939-BB2D-ACB6AD10A6AD}.Release|x86.Build.0 = Release|Win32
	EndGlobalSection
	GlobalSection(SolutionProperties) = preSolution
		HideSolutionNode = FALSE
	EndGlobalSection
	GlobalSection(ExtensibilityGlobals) = postSolution
		SolutionGuid = {10B7FAB9-C6D6-4302-8487-C36E21D3A05B}
	EndGlobalSection
EndGlobal
