
Microsoft Visual Studio Solution File, Format Version 12.00
# Visual Studio Version 16
VisualStudioVersion = 16.0.29411.108
MinimumVisualStudioVersion = 10.0.40219.1
Project("{8BC9CEB8-8B4A-11D0-8D11-00A0C91BC942}") = "Lesson 8", "Lesson 8\Lesson 8.vcxproj", "{464A4088-27FA-4F86-B01B-1CD7E81A7CB5}"
EndProject
Global
	GlobalSection(SolutionConfigurationPlatforms) = preSolution
		Debug|x64 = Debug|x64
		Debug|x86 = Debug|x86
		Release|x64 = Release|x64
		Release|x86 = Release|x86
	EndGlobalSection
	GlobalSection(ProjectConfigurationPlatforms) = postSolution
		{464A4088-27FA-4F86-B01B-1CD7E81A7CB5}.Debug|x64.ActiveCfg = Debug|x64
		{464A4088-27FA-4F86-B01B-1CD7E81A7CB5}.Debug|x64.Build.0 = Debug|x64
		{464A4088-27FA-4F86-B01B-1CD7E81A7CB5}.Debug|x86.ActiveCfg = Debug|Win32
		{464A4088-27FA-4F86-B01B-1CD7E81A7CB5}.Debug|x86.Build.0 = Debug|Win32
		{464A4088-27FA-4F86-B01B-1CD7E81A7CB5}.Release|x64.ActiveCfg = Release|x64
		{464A4088-27FA-4F86-B01B-1CD7E81A7CB5}.Release|x64.Build.0 = Release|x64
		{464A4088-27FA-4F86-B01B-1CD7E81A7CB5}.Release|x86.ActiveCfg = Release|Win32
		{464A4088-27FA-4F86-B01B-1CD7E81A7CB5}.Release|x86.Build.0 = Release|Win32
	EndGlobalSection
	GlobalSection(SolutionProperties) = preSolution
		HideSolutionNode = FALSE
	EndGlobalSection
	GlobalSection(ExtensibilityGlobals) = postSolution
		SolutionGuid = {0160839F-8EA8-4527-98FA-D69B22546475}
	EndGlobalSection
EndGlobal
